
Microsoft Visual Studio Solution File, Format Version 12.00
# Visual Studio Version 16
VisualStudioVersion = 16.0.31605.320
MinimumVisualStudioVersion = 10.0.40219.1
Project("{FAE04EC0-301F-11D3-BF4B-00C04F79EFBC}") = "IPPSender", "IPPSender\IPPSender.csproj", "{8D92A0AA-E4D6-4466-8EFE-F55FC12E7DC6}"
EndProject
Global
	GlobalSection(SolutionConfigurationPlatforms) = preSolution
		Debug|Any CPU = Debug|Any CPU
		Release|Any CPU = Release|Any CPU
	EndGlobalSection
	GlobalSection(ProjectConfigurationPlatforms) = postSolution
		{8D92A0AA-E4D6-4466-8EFE-F55FC12E7DC6}.Debug|Any CPU.ActiveCfg = Debug|Any CPU
		{8D92A0AA-E4D6-4466-8EFE-F55FC12E7DC6}.Debug|Any CPU.Build.0 = Debug|Any CPU
		{8D92A0AA-E4D6-4466-8EFE-F55FC12E7DC6}.Release|Any CPU.ActiveCfg = Release|Any CPU
		{8D92A0AA-E4D6-4466-8EFE-F55FC12E7DC6}.Release|Any CPU.Build.0 = Release|Any CPU
	EndGlobalSection
	GlobalSection(SolutionProperties) = preSolution
		HideSolutionNode = FALSE
	EndGlobalSection
	GlobalSection(ExtensibilityGlobals) = postSolution
		SolutionGuid = {3DA1E428-19C5-4BA7-B132-25F17431D566}
	EndGlobalSection
EndGlobal
